
Microsoft Visual Studio Solution File, Format Version 12.00
# Visual Studio Version 17
VisualStudioVersion = 17.4.33122.133
MinimumVisualStudioVersion = 10.0.40219.1
Project("{FAE04EC0-301F-11D3-BF4B-00C04F79EFBC}") = "LinkedListDemo", "LinkedListDemo\LinkedListDemo.csproj", "{027EF824-720A-4524-ADBE-3ADCB7B2788F}"
EndProject
Global
	GlobalSection(SolutionConfigurationPlatforms) = preSolution
		Debug|Any CPU = Debug|Any CPU
		Release|Any CPU = Release|Any CPU
	EndGlobalSection
	GlobalSection(ProjectConfigurationPlatforms) = postSolution
		{027EF824-720A-4524-ADBE-3ADCB7B2788F}.Debug|Any CPU.ActiveCfg = Debug|Any CPU
		{027EF824-720A-4524-ADBE-3ADCB7B2788F}.Debug|Any CPU.Build.0 = Debug|Any CPU
		{027EF824-720A-4524-ADBE-3ADCB7B2788F}.Release|Any CPU.ActiveCfg = Release|Any CPU
		{027EF824-720A-4524-ADBE-3ADCB7B2788F}.Release|Any CPU.Build.0 = Release|Any CPU
	EndGlobalSection
	GlobalSection(SolutionProperties) = preSolution
		HideSolutionNode = FALSE
	EndGlobalSection
	GlobalSection(ExtensibilityGlobals) = postSolution
		SolutionGuid = {136FBB70-3587-487C-BDA4-90DDA737B45F}
	EndGlobalSection
EndGlobal
